
Microsoft Visual Studio Solution File, Format Version 12.00
# Visual Studio Version 17
VisualStudioVersion = 17.9.34723.18
MinimumVisualStudioVersion = 10.0.40219.1
Project("{9A19103F-16F7-4668-BE54-9A1E7A4F7556}") = "InterfaceInCore", "InterfaceInCore\InterfaceInCore.csproj", "{34DE0DB5-2986-46B5-93EE-D405A70155FC}"
EndProject
Project("{FAE04EC0-301F-11D3-BF4B-00C04F79EFBC}") = "RefAndValueTypes", "RefAndValueTypes\RefAndValueTypes.csproj", "{C44D8159-6724-4E71-8EBB-9B001602E4B1}"
EndProject
Project("{FAE04EC0-301F-11D3-BF4B-00C04F79EFBC}") = "ValueType", "ValueType\ValueType.csproj", "{126AE722-0EFE-4A06-B70E-A99CAC4FBC8A}"
EndProject
Project("{FAE04EC0-301F-11D3-BF4B-00C04F79EFBC}") = "NullableTypes", "NullableTypes\NullableTypes.csproj", "{6F1B01E3-A025-48B9-AB48-5D4E4529BB9B}"
EndProject
Project("{FAE04EC0-301F-11D3-BF4B-00C04F79EFBC}") = "IDisposableExample", "IDisposableExample\IDisposableExample.csproj", "{4C9FAF7C-0B18-45BF-AE99-DD918EA97EC4}"
EndProject
Global
	GlobalSection(SolutionConfigurationPlatforms) = preSolution
		Debug|Any CPU = Debug|Any CPU
		Release|Any CPU = Release|Any CPU
	EndGlobalSection
	GlobalSection(ProjectConfigurationPlatforms) = postSolution
		{34DE0DB5-2986-46B5-93EE-D405A70155FC}.Debug|Any CPU.ActiveCfg = Debug|Any CPU
		{34DE0DB5-2986-46B5-93EE-D405A70155FC}.Debug|Any CPU.Build.0 = Debug|Any CPU
		{34DE0DB5-2986-46B5-93EE-D405A70155FC}.Release|Any CPU.ActiveCfg = Release|Any CPU
		{34DE0DB5-2986-46B5-93EE-D405A70155FC}.Release|Any CPU.Build.0 = Release|Any CPU
		{C44D8159-6724-4E71-8EBB-9B001602E4B1}.Debug|Any CPU.ActiveCfg = Debug|Any CPU
		{C44D8159-6724-4E71-8EBB-9B001602E4B1}.Debug|Any CPU.Build.0 = Debug|Any CPU
		{C44D8159-6724-4E71-8EBB-9B001602E4B1}.Release|Any CPU.ActiveCfg = Release|Any CPU
		{C44D8159-6724-4E71-8EBB-9B001602E4B1}.Release|Any CPU.Build.0 = Release|Any CPU
		{126AE722-0EFE-4A06-B70E-A99CAC4FBC8A}.Debug|Any CPU.ActiveCfg = Debug|Any CPU
		{126AE722-0EFE-4A06-B70E-A99CAC4FBC8A}.Debug|Any CPU.Build.0 = Debug|Any CPU
		{126AE722-0EFE-4A06-B70E-A99CAC4FBC8A}.Release|Any CPU.ActiveCfg = Release|Any CPU
		{126AE722-0EFE-4A06-B70E-A99CAC4FBC8A}.Release|Any CPU.Build.0 = Release|Any CPU
		{6F1B01E3-A025-48B9-AB48-5D4E4529BB9B}.Debug|Any CPU.ActiveCfg = Debug|Any CPU
		{6F1B01E3-A025-48B9-AB48-5D4E4529BB9B}.Debug|Any CPU.Build.0 = Debug|Any CPU
		{6F1B01E3-A025-48B9-AB48-5D4E4529BB9B}.Release|Any CPU.ActiveCfg = Release|Any CPU
		{6F1B01E3-A025-48B9-AB48-5D4E4529BB9B}.Release|Any CPU.Build.0 = Release|Any CPU
		{4C9FAF7C-0B18-45BF-AE99-DD918EA97EC4}.Debug|Any CPU.ActiveCfg = Debug|Any CPU
		{4C9FAF7C-0B18-45BF-AE99-DD918EA97EC4}.Debug|Any CPU.Build.0 = Debug|Any CPU
		{4C9FAF7C-0B18-45BF-AE99-DD918EA97EC4}.Release|Any CPU.ActiveCfg = Release|Any CPU
		{4C9FAF7C-0B18-45BF-AE99-DD918EA97EC4}.Release|Any CPU.Build.0 = Release|Any CPU
	EndGlobalSection
	GlobalSection(SolutionProperties) = preSolution
		HideSolutionNode = FALSE
	EndGlobalSection
	GlobalSection(ExtensibilityGlobals) = postSolution
		SolutionGuid = {40056A67-6AC8-4F8C-8252-94A916BFB1BB}
	EndGlobalSection
EndGlobal
